# sart exact adapter-pair VM matrix, schema v3
#
# Fields (pipe-separated):
# pair|initramfs_adapter|real_root_adapter|image_id|lane|timeout_seconds|network|root_storage|seed|oracle|status|fixture
#
# `oracle` is the exact line that a real guest serial transcript must contain
# once, and only once, before the lane can report PASS. Listing an oracle here
# is not test evidence. A lane remains blocked-unverified until its image row
# has a reviewed immutable URL, SHA-256, and resource limits. A verified image
# without the exact lane runner uses blocked-unimplemented. Only a verified
# image plus an executable runner that passes the static source policy may use
# ready-unproven.
dracut-systemd|dracut-systemd|systemd|ubuntu-26.04-dracut-systemd-amd64-derived|lifecycle|1800|none|immutable-qcow2+private-overlay|read-only-private-seed|SART_VM_DRACUT_SYSTEMD_LIFECYCLE_PASS_V1|ready-unproven|ubuntu-26.04-dracut-systemd
dracut-systemd|dracut-systemd|systemd|ubuntu-26.04-dracut-systemd-amd64-derived|install|1800|none|immutable-qcow2+private-overlay|read-only-private-seed|SART_VM_DRACUT_SYSTEMD_INSTALL_PASS_V1|ready-unproven|ubuntu-26.04-dracut-systemd
dracut-systemd|dracut-systemd|systemd|ubuntu-26.04-dracut-systemd-amd64-derived|password|1800|none|immutable-qcow2+private-overlay|read-only-private-seed|SART_VM_DRACUT_SYSTEMD_PASSWORD_PASS_V1|ready-unproven|ubuntu-26.04-dracut-systemd
dracut-systemd|dracut-systemd|systemd|ubuntu-26.04-dracut-systemd-amd64-derived|recovery|4800|none|immutable-qcow2+private-overlay|read-only-private-seed|SART_VM_DRACUT_SYSTEMD_RECOVERY_PASS_V1|ready-unproven|ubuntu-26.04-dracut-systemd
dracut-systemd|dracut-systemd|systemd|ubuntu-26.04-dracut-systemd-amd64-derived|uninstall|2400|none|immutable-qcow2+private-overlay|read-only-private-seed|SART_VM_DRACUT_SYSTEMD_UNINSTALL_PASS_V1|ready-unproven|ubuntu-26.04-dracut-systemd
dracut-systemd|dracut-systemd|systemd|ubuntu-26.04-dracut-systemd-amd64-derived|kernel-update|2400|none|immutable-qcow2+private-overlay|read-only-private-seed|SART_VM_DRACUT_SYSTEMD_KERNEL_UPDATE_PASS_V1|ready-unproven|ubuntu-26.04-dracut-systemd
dracut-systemd|dracut-systemd|systemd|fedora-44-dracut-systemd-amd64-derived|lifecycle|1800|none|immutable-qcow2+private-overlay|read-only-private-seed|SART_VM_FEDORA_44_DRACUT_SYSTEMD_LIFECYCLE_PASS_V1|ready-unproven|fedora-44-dracut-systemd
dracut-systemd|dracut-systemd|systemd|fedora-44-dracut-systemd-amd64-derived|install|1800|none|immutable-qcow2+private-overlay|read-only-private-seed|SART_VM_FEDORA_44_DRACUT_SYSTEMD_INSTALL_PASS_V1|ready-unproven|fedora-44-dracut-systemd
dracut-systemd|dracut-systemd|systemd|fedora-44-dracut-systemd-amd64-derived|password|1800|none|immutable-qcow2+private-overlay|read-only-private-seed|SART_VM_FEDORA_44_DRACUT_SYSTEMD_PASSWORD_PASS_V1|ready-unproven|fedora-44-dracut-systemd
dracut-systemd|dracut-systemd|systemd|fedora-44-dracut-systemd-amd64-derived|recovery|4800|none|immutable-qcow2+private-overlay|read-only-private-seed|SART_VM_FEDORA_44_DRACUT_SYSTEMD_RECOVERY_PASS_V1|ready-unproven|fedora-44-dracut-systemd
dracut-systemd|dracut-systemd|systemd|fedora-44-dracut-systemd-amd64-derived|uninstall|2400|none|immutable-qcow2+private-overlay|read-only-private-seed|SART_VM_FEDORA_44_DRACUT_SYSTEMD_UNINSTALL_PASS_V1|ready-unproven|fedora-44-dracut-systemd
dracut-systemd|dracut-systemd|systemd|fedora-44-dracut-systemd-amd64-derived|kernel-update|2400|none|immutable-qcow2+private-overlay|read-only-private-seed|SART_VM_FEDORA_44_DRACUT_SYSTEMD_KERNEL_UPDATE_PASS_V1|ready-unproven|fedora-44-dracut-systemd
dracut-classic|dracut-classic|openrc|dracut-classic-openrc-image-pending-x86_64|lifecycle|300|none|immutable-qcow2+private-overlay|read-only-private-seed|SART_VM_DRACUT_CLASSIC_LIFECYCLE_PASS_V1|blocked-unverified|dracut-classic-openrc-pending
dracut-classic|dracut-classic|openrc|dracut-classic-openrc-image-pending-x86_64|install|600|none|immutable-qcow2+private-overlay|read-only-private-seed|SART_VM_DRACUT_CLASSIC_INSTALL_PASS_V1|blocked-unverified|dracut-classic-openrc-pending
dracut-classic|dracut-classic|openrc|dracut-classic-openrc-image-pending-x86_64|password|600|none|immutable-qcow2+private-overlay|read-only-private-seed|SART_VM_DRACUT_CLASSIC_PASSWORD_PASS_V1|blocked-unverified|dracut-classic-openrc-pending
dracut-classic|dracut-classic|openrc|dracut-classic-openrc-image-pending-x86_64|recovery|1200|none|immutable-qcow2+private-overlay|read-only-private-seed|SART_VM_DRACUT_CLASSIC_RECOVERY_PASS_V1|blocked-unverified|dracut-classic-openrc-pending
dracut-classic|dracut-classic|openrc|dracut-classic-openrc-image-pending-x86_64|uninstall|900|none|immutable-qcow2+private-overlay|read-only-private-seed|SART_VM_DRACUT_CLASSIC_UNINSTALL_PASS_V1|blocked-unverified|dracut-classic-openrc-pending
dracut-classic|dracut-classic|openrc|dracut-classic-openrc-image-pending-x86_64|kernel-update|1200|none|immutable-qcow2+private-overlay|read-only-private-seed|SART_VM_DRACUT_CLASSIC_KERNEL_UPDATE_PASS_V1|blocked-unverified|dracut-classic-openrc-pending
initramfs-tools|initramfs-tools-busybox|systemd|debian-13.6-initramfs-tools-systemd-amd64-derived|lifecycle|600|none|immutable-qcow2+private-overlay|read-only-private-seed|SART_VM_INITRAMFS_TOOLS_LIFECYCLE_PASS_V1|ready-unproven|debian-13.6-initramfs-tools-systemd
initramfs-tools|initramfs-tools-busybox|systemd|debian-13.6-initramfs-tools-systemd-amd64-derived|install|600|none|immutable-qcow2+private-overlay|read-only-private-seed|SART_VM_INITRAMFS_TOOLS_INSTALL_PASS_V1|ready-unproven|debian-13.6-initramfs-tools-systemd
initramfs-tools|initramfs-tools-busybox|systemd|debian-13.6-initramfs-tools-systemd-amd64-derived|password|600|none|immutable-qcow2+private-overlay|read-only-private-seed|SART_VM_INITRAMFS_TOOLS_PASSWORD_PASS_V1|ready-unproven|debian-13.6-initramfs-tools-systemd
initramfs-tools|initramfs-tools-busybox|systemd|debian-13.6-initramfs-tools-systemd-amd64-derived|recovery|1200|none|immutable-qcow2+private-overlay|read-only-private-seed|SART_VM_INITRAMFS_TOOLS_RECOVERY_PASS_V1|ready-unproven|debian-13.6-initramfs-tools-systemd
initramfs-tools|initramfs-tools-busybox|systemd|debian-13.6-initramfs-tools-systemd-amd64-derived|uninstall|900|none|immutable-qcow2+private-overlay|read-only-private-seed|SART_VM_INITRAMFS_TOOLS_UNINSTALL_PASS_V1|ready-unproven|debian-13.6-initramfs-tools-systemd
initramfs-tools|initramfs-tools-busybox|systemd|debian-13.6-initramfs-tools-systemd-amd64-derived|kernel-update|1200|none|immutable-qcow2+private-overlay|read-only-private-seed|SART_VM_INITRAMFS_TOOLS_KERNEL_UPDATE_PASS_V1|ready-unproven|debian-13.6-initramfs-tools-systemd
mkinitcpio|mkinitcpio-busybox|systemd|arch-mkinitcpio-systemd-amd64-derived|lifecycle|300|none|immutable-qcow2+private-overlay|read-only-private-seed|SART_VM_MKINITCPIO_LIFECYCLE_PASS_V1|ready-unproven|arch-mkinitcpio-systemd
mkinitcpio|mkinitcpio-busybox|systemd|arch-mkinitcpio-systemd-amd64-derived|install|600|none|immutable-qcow2+private-overlay|read-only-private-seed|SART_VM_MKINITCPIO_INSTALL_PASS_V1|ready-unproven|arch-mkinitcpio-systemd
mkinitcpio|mkinitcpio-busybox|systemd|arch-mkinitcpio-systemd-amd64-derived|password|600|none|immutable-qcow2+private-overlay|read-only-private-seed|SART_VM_MKINITCPIO_PASSWORD_PASS_V1|ready-unproven|arch-mkinitcpio-systemd
mkinitcpio|mkinitcpio-busybox|systemd|arch-mkinitcpio-systemd-amd64-derived|recovery|1200|none|immutable-qcow2+private-overlay|read-only-private-seed|SART_VM_MKINITCPIO_RECOVERY_PASS_V1|ready-unproven|arch-mkinitcpio-systemd
mkinitcpio|mkinitcpio-busybox|systemd|arch-mkinitcpio-systemd-amd64-derived|uninstall|900|none|immutable-qcow2+private-overlay|read-only-private-seed|SART_VM_MKINITCPIO_UNINSTALL_PASS_V1|ready-unproven|arch-mkinitcpio-systemd
mkinitcpio|mkinitcpio-busybox|systemd|arch-mkinitcpio-systemd-amd64-derived|kernel-update|1200|none|immutable-qcow2+private-overlay|read-only-private-seed|SART_VM_MKINITCPIO_KERNEL_UPDATE_PASS_V1|ready-unproven|arch-mkinitcpio-systemd
mkinitfs-openrc|mkinitfs-busybox|openrc|alpine-3.24.1-mkinitfs-openrc-amd64-derived|lifecycle|300|none|immutable-qcow2+private-overlay|read-only-private-seed|SART_VM_MKINITFS_OPENRC_LIFECYCLE_PASS_V1|ready-unproven|alpine-mkinitfs-openrc
mkinitfs-openrc|mkinitfs-busybox|openrc|alpine-3.24.1-mkinitfs-openrc-amd64-derived|install|600|none|immutable-qcow2+private-overlay|read-only-private-seed|SART_VM_MKINITFS_OPENRC_INSTALL_PASS_V1|ready-unproven|alpine-mkinitfs-openrc
mkinitfs-openrc|mkinitfs-busybox|openrc|alpine-3.24.1-mkinitfs-openrc-amd64-derived|password|600|none|immutable-qcow2+private-overlay|read-only-private-seed|SART_VM_MKINITFS_OPENRC_PASSWORD_PASS_V1|ready-unproven|alpine-mkinitfs-openrc
mkinitfs-openrc|mkinitfs-busybox|openrc|alpine-3.24.1-mkinitfs-openrc-amd64-derived|recovery|1200|none|immutable-qcow2+private-overlay|read-only-private-seed|SART_VM_MKINITFS_OPENRC_RECOVERY_PASS_V1|ready-unproven|alpine-mkinitfs-openrc
mkinitfs-openrc|mkinitfs-busybox|openrc|alpine-3.24.1-mkinitfs-openrc-amd64-derived|uninstall|900|none|immutable-qcow2+private-overlay|read-only-private-seed|SART_VM_MKINITFS_OPENRC_UNINSTALL_PASS_V1|ready-unproven|alpine-mkinitfs-openrc
mkinitfs-openrc|mkinitfs-busybox|openrc|alpine-3.24.1-mkinitfs-openrc-amd64-derived|kernel-update|1200|none|immutable-qcow2+private-overlay|read-only-private-seed|SART_VM_MKINITFS_OPENRC_KERNEL_UPDATE_PASS_V1|ready-unproven|alpine-mkinitfs-openrc
mkinitfs-boot-deploy-openrc|mkinitfs-boot-deploy|openrc|postmarketos-qemu-aarch64-derived|lifecycle|300|none|immutable-qcow2+private-overlay|read-only-private-seed|SART_VM_MKINITFS_BOOT_DEPLOY_OPENRC_LIFECYCLE_PASS_V1|ready-unproven|postmarketos-qemu-aarch64
mkinitfs-boot-deploy-openrc|mkinitfs-boot-deploy|openrc|postmarketos-qemu-aarch64-derived|install|600|none|immutable-qcow2+private-overlay|read-only-private-seed|SART_VM_MKINITFS_BOOT_DEPLOY_OPENRC_INSTALL_PASS_V1|ready-unproven|postmarketos-qemu-aarch64
mkinitfs-boot-deploy-openrc|mkinitfs-boot-deploy|openrc|postmarketos-qemu-aarch64-derived|password|600|none|immutable-qcow2+private-overlay|read-only-private-seed|SART_VM_MKINITFS_BOOT_DEPLOY_OPENRC_PASSWORD_PASS_V1|ready-unproven|postmarketos-qemu-aarch64
mkinitfs-boot-deploy-openrc|mkinitfs-boot-deploy|openrc|postmarketos-qemu-aarch64-derived|recovery|1200|none|immutable-qcow2+private-overlay|read-only-private-seed|SART_VM_MKINITFS_BOOT_DEPLOY_OPENRC_RECOVERY_PASS_V1|ready-unproven|postmarketos-qemu-aarch64
mkinitfs-boot-deploy-openrc|mkinitfs-boot-deploy|openrc|postmarketos-qemu-aarch64-derived|uninstall|900|none|immutable-qcow2+private-overlay|read-only-private-seed|SART_VM_MKINITFS_BOOT_DEPLOY_OPENRC_UNINSTALL_PASS_V1|ready-unproven|postmarketos-qemu-aarch64
mkinitfs-boot-deploy-openrc|mkinitfs-boot-deploy|openrc|postmarketos-qemu-aarch64-derived|kernel-update|1200|none|immutable-qcow2+private-overlay|read-only-private-seed|SART_VM_MKINITFS_BOOT_DEPLOY_OPENRC_KERNEL_UPDATE_PASS_V1|ready-unproven|postmarketos-qemu-aarch64
mkinitfs-boot-deploy-systemd|mkinitfs-boot-deploy|systemd|postmarketos-qemu-aarch64-systemd-derived|lifecycle|420|none|immutable-qcow2+private-overlay|read-only-private-seed|SART_VM_MKINITFS_BOOT_DEPLOY_SYSTEMD_LIFECYCLE_PASS_V1|ready-unproven|postmarketos-qemu-aarch64-systemd
mkinitfs-boot-deploy-systemd|mkinitfs-boot-deploy|systemd|postmarketos-qemu-aarch64-systemd-derived|install|600|none|immutable-qcow2+private-overlay|read-only-private-seed|SART_VM_MKINITFS_BOOT_DEPLOY_SYSTEMD_INSTALL_PASS_V1|ready-unproven|postmarketos-qemu-aarch64-systemd
mkinitfs-boot-deploy-systemd|mkinitfs-boot-deploy|systemd|postmarketos-qemu-aarch64-systemd-derived|password|600|none|immutable-qcow2+private-overlay|read-only-private-seed|SART_VM_MKINITFS_BOOT_DEPLOY_SYSTEMD_PASSWORD_PASS_V1|ready-unproven|postmarketos-qemu-aarch64-systemd
mkinitfs-boot-deploy-systemd|mkinitfs-boot-deploy|systemd|postmarketos-qemu-aarch64-systemd-derived|recovery|1200|none|immutable-qcow2+private-overlay|read-only-private-seed|SART_VM_MKINITFS_BOOT_DEPLOY_SYSTEMD_RECOVERY_PASS_V1|ready-unproven|postmarketos-qemu-aarch64-systemd
mkinitfs-boot-deploy-systemd|mkinitfs-boot-deploy|systemd|postmarketos-qemu-aarch64-systemd-derived|uninstall|900|none|immutable-qcow2+private-overlay|read-only-private-seed|SART_VM_MKINITFS_BOOT_DEPLOY_SYSTEMD_UNINSTALL_PASS_V1|ready-unproven|postmarketos-qemu-aarch64-systemd
mkinitfs-boot-deploy-systemd|mkinitfs-boot-deploy|systemd|postmarketos-qemu-aarch64-systemd-derived|kernel-update|1200|none|immutable-qcow2+private-overlay|read-only-private-seed|SART_VM_MKINITFS_BOOT_DEPLOY_SYSTEMD_KERNEL_UPDATE_PASS_V1|ready-unproven|postmarketos-qemu-aarch64-systemd
