# bootart VM input lock, schema v2
#
# Fields (pipe-separated):
# id|status|url|sha256|format|arch|filename|kernel_member|initramfs_member|download_bytes|max_virtual_bytes|max_run_bytes|max_file_bytes|max_log_bytes|max_evidence_bytes
#
# A row is fetchable only when status=verified and sha256 is exactly 64
# lowercase hexadecimal characters. Verified rows also require independently
# reviewed positive byte values for all six resource fields. Blocked rows use
# UNRESOLVED for every resource field, so no guessed cap can become executable
# policy. download_bytes is the exact immutable input length. For qcow2,
# max_virtual_bytes caps reported guest geometry; for ISO it caps the locked
# optical-medium length. max_run_bytes is the aggregate retained run budget,
# while max_file_bytes, max_log_bytes, and max_evidence_bytes are narrower
# artifact ceilings. ISO rows name kernel/initramfs members. Real-guest qcow2
# rows use `-|-`; their immutable base is never attached directly, only through
# a private overlay.
alpine-virt-3.20.0-x86_64|verified|https://dl-cdn.alpinelinux.org/alpine/v3.20/releases/x86_64/alpine-virt-3.20.0-x86_64.iso|27cbb137dbf90c74856fb44f90488066c8bb7aee979365255c63ef925e1de521|iso|x86_64|alpine-virt-3.20.0-x86_64.iso|/boot/vmlinuz-virt|/boot/initramfs-virt|63963136|63963136|805306368|134217728|16777216|1048576
fedora-dracut-image-pending-x86_64|blocked|https://blocked.invalid/fedora-dracut-image-pending-x86_64.qcow2|BLOCKED_UNVERIFIED|qcow2|x86_64|fedora-dracut-image-pending-x86_64.qcow2|-|-|UNRESOLVED|UNRESOLVED|UNRESOLVED|UNRESOLVED|UNRESOLVED|UNRESOLVED
dracut-classic-openrc-image-pending-x86_64|blocked|https://blocked.invalid/dracut-classic-openrc-image-pending-x86_64.qcow2|BLOCKED_UNVERIFIED|qcow2|x86_64|dracut-classic-openrc-image-pending-x86_64.qcow2|-|-|UNRESOLVED|UNRESOLVED|UNRESOLVED|UNRESOLVED|UNRESOLVED|UNRESOLVED
debian-initramfs-tools-image-pending-x86_64|verified|https://cloud.debian.org/images/cloud/bookworm/20260722-2547/debian-12-genericcloud-amd64-20260722-2547.qcow2|88d11c68ff13acf6202d0fd43e80e50c7bd2cffbb8d43f33ed1a1efd6ad9f59e|qcow2|x86_64|debian-12-genericcloud-amd64-20260722-2547.qcow2|-|-|348913664|21474836480|1610612736|536870912|16777216|1048576
arch-mkinitcpio-image-pending-x86_64|verified|https://geo.mirror.pkgbuild.com/images/latest/Arch-Linux-x86_64-cloudimg-20260715.556894.qcow2|f419d4e29aebfc017ad4c9de330a3be0d7eefba710b269108b116aaca1122926|qcow2|x86_64|Arch-Linux-x86_64-cloudimg-20260715.556894.qcow2|-|-|555267072|21474836480|2684354560|1073741824|16777216|1048576
alpine-generic-3.24.1-x86_64-bios-cloudinit-r0|verified|https://dl-cdn.alpinelinux.org/alpine/v3.24/releases/cloud/generic_alpine-3.24.1-x86_64-bios-cloudinit-r0.qcow2|6e2e6fe0572b6632527f268d3659e8fccebda4e1ee470fafe2c4d7b85b6a4df6|qcow2|x86_64|generic_alpine-3.24.1-x86_64-bios-cloudinit-r0.qcow2|-|-|183697408|209715200|805306368|268435456|16777216|1048576
