# Sart offline kernel-update inputs, schema v2
#
# Fields (pipe-separated):
# id|status|url|sha256|download_bytes|filename|package|version|arch|fixture
#
# These packages are copied into their encrypted base only while the normal
# fixture is provisioned. Proof boots have no network and the Sart transport
# still contains exactly one file: /sart.
ubuntu-7.1.0-5-image-amd64|verified|https://archive.ubuntu.com/ubuntu/pool/main/l/linux-signed/linux-image-7.1.0-5-generic_7.1.0-5.5+1_amd64.deb|214232d2f45cd9cb0ad4546043ee91fea69934ff0658dc51410400617865219e|17185544|linux-image-7.1.0-5-generic_7.1.0-5.5+1_amd64.deb|linux-image-7.1.0-5-generic|7.1.0-5.5+1|amd64|ubuntu-26.04-dracut-systemd
ubuntu-7.1.0-5-modules-amd64|verified|https://archive.ubuntu.com/ubuntu/pool/main/l/linux/linux-modules-7.1.0-5-generic_7.1.0-5.5_amd64.deb|6c6734f184089c498c8a583921d1c382482050dfee309616c0c55ad3fcd60d1f|170229952|linux-modules-7.1.0-5-generic_7.1.0-5.5_amd64.deb|linux-modules-7.1.0-5-generic|7.1.0-5.5|amd64|ubuntu-26.04-dracut-systemd
ubuntu-7.1.0-5-zfs-amd64|verified|https://archive.ubuntu.com/ubuntu/pool/main/l/linux-main-signed/linux-main-modules-zfs-7.1.0-5-generic_7.1.0-5.5_amd64.deb|102157f5c771354c635529b5c345474745a17651787ce9b870fd5ab8f97dc7fd|2438486|linux-main-modules-zfs-7.1.0-5-generic_7.1.0-5.5_amd64.deb|linux-main-modules-zfs-7.1.0-5-generic|7.1.0-5.5|amd64|ubuntu-26.04-dracut-systemd
fedora-7.1.5-kernel-x86_64|verified|https://kojipkgs.fedoraproject.org/packages/kernel/7.1.5/200.fc44/x86_64/kernel-7.1.5-200.fc44.x86_64.rpm|131f7d10a32b8f95acc6fc94d5405c9b25e91ebcec36d086a42cda1fe33346ff|241121|kernel-7.1.5-200.fc44.x86_64.rpm|kernel|7.1.5-200.fc44|x86_64|fedora-44-dracut-systemd
fedora-7.1.5-core-x86_64|verified|https://kojipkgs.fedoraproject.org/packages/kernel/7.1.5/200.fc44/x86_64/kernel-core-7.1.5-200.fc44.x86_64.rpm|ddabf1c233818fbea094622daf1112c843b60456626f75daf4ead4c94b3d953d|21673177|kernel-core-7.1.5-200.fc44.x86_64.rpm|kernel-core|7.1.5-200.fc44|x86_64|fedora-44-dracut-systemd
fedora-7.1.5-modules-core-x86_64|verified|https://kojipkgs.fedoraproject.org/packages/kernel/7.1.5/200.fc44/x86_64/kernel-modules-core-7.1.5-200.fc44.x86_64.rpm|be3d0dd57ac6d2b19777edcbdabd0e0a609d0327bb9701d20156f1b85d491d21|78455069|kernel-modules-core-7.1.5-200.fc44.x86_64.rpm|kernel-modules-core|7.1.5-200.fc44|x86_64|fedora-44-dracut-systemd
fedora-7.1.5-modules-x86_64|verified|https://kojipkgs.fedoraproject.org/packages/kernel/7.1.5/200.fc44/x86_64/kernel-modules-7.1.5-200.fc44.x86_64.rpm|4bcea236aa50189075a70653dfd65ce030d4ad43181bf5a367828b070ed5b5e8|106330261|kernel-modules-7.1.5-200.fc44.x86_64.rpm|kernel-modules|7.1.5-200.fc44|x86_64|fedora-44-dracut-systemd
alpine-7.1.5-stable-x86_64|verified|https://dl-cdn.alpinelinux.org/alpine/edge/community/x86_64/linux-stable-7.1.5-r0.apk|b541196292d50c94af213f24f9d6785547bb38941d6997c88e75b42b8fbf7fc3|146799144|linux-stable-7.1.5-r0.apk|linux-stable|7.1.5-r0|x86_64|alpine-mkinitfs-openrc
debian-6.12.95-image-amd64|verified|https://security.debian.org/debian-security/pool/updates/main/l/linux-signed-amd64/linux-image-6.12.95+deb13-amd64_6.12.95-1_amd64.deb|5daee28d4837901ab400d778dfcd3c6d9281a9ff580d8872a94a661c6b39c717|107786916|linux-image-6.12.95+deb13-amd64_6.12.95-1_amd64.deb|linux-image-6.12.95+deb13-amd64|6.12.95-1|amd64|debian-13.6-initramfs-tools-systemd
arch-6.18.41-lts-x86_64|verified|https://archive.archlinux.org/packages/l/linux-lts/linux-lts-6.18.41-1-x86_64.pkg.tar.zst|24a3d6a66e73482722e34cc351acdc2170d39aff531b25bb4e7c4cdf81544ebf|151153863|linux-lts-6.18.41-1-x86_64.pkg.tar.zst|linux-lts|6.18.41-1|x86_64|arch-mkinitcpio-systemd
